// !$*UTF8*$!
{
	archiveVersion = 1;
	classes = {
	};
	objectVersion = 77;
	objects = {

/* Begin PBXBuildFile section */
		B451C8152FD9C85B00C3A14A /* FirebaseAI in Frameworks */ = {isa = PBXBuildFile; productRef = B451C8142FD9C85B00C3A14A /* FirebaseAI */; };
		B451C8172FD9C85B00C3A14A /* FirebaseAILogic in Frameworks */ = {isa = PBXBuildFile; productRef = B451C8162FD9C85B00C3A14A /* FirebaseAILogic */; };
		B451C8192FD9C85B00C3A14A /* FirebaseAnalytics in Frameworks */ = {isa = PBXBuildFile; productRef = B451C8182FD9C85B00C3A14A /* FirebaseAnalytics */; };
		B451C81B2FD9C85B00C3A14A /* FirebaseAnalyticsCore in Frameworks */ = {isa = PBXBuildFile; productRef = B451C81A2FD9C85B00C3A14A /* FirebaseAnalyticsCore */; };
		B451C81D2FD9C85B00C3A14A /* FirebaseAnalyticsIdentitySupport in Frameworks */ = {isa = PBXBuildFile; productRef = B451C81C2FD9C85B00C3A14A /* FirebaseAnalyticsIdentitySupport */; };
		B451C81F2FD9C85B00C3A14A /* FirebaseAppCheck in Frameworks */ = {isa = PBXBuildFile; productRef = B451C81E2FD9C85B00C3A14A /* FirebaseAppCheck */; };
		B451C8212FD9C85B00C3A14A /* FirebaseAppDistribution-Beta in Frameworks */ = {isa = PBXBuildFile; productRef = B451C8202FD9C85B00C3A14A /* FirebaseAppDistribution-Beta */; };
		B451C8232FD9C85B00C3A14A /* FirebaseAuth in Frameworks */ = {isa = PBXBuildFile; productRef = B451C8222FD9C85B00C3A14A /* FirebaseAuth */; };
		B451C8252FD9C85B00C3A14A /* FirebaseAuthCombine-Community in Frameworks */ = {isa = PBXBuildFile; productRef = B451C8242FD9C85B00C3A14A /* FirebaseAuthCombine-Community */; };
		B451C8272FD9C85B00C3A14A /* FirebaseCore in Frameworks */ = {isa = PBXBuildFile; productRef = B451C8262FD9C85B00C3A14A /* FirebaseCore */; };
		B451C8292FD9C85B00C3A14A /* FirebaseCrashlytics in Frameworks */ = {isa = PBXBuildFile; productRef = B451C8282FD9C85B00C3A14A /* FirebaseCrashlytics */; };
		B451C82B2FD9C85B00C3A14A /* FirebaseDatabase in Frameworks */ = {isa = PBXBuildFile; productRef = B451C82A2FD9C85B00C3A14A /* FirebaseDatabase */; };
		B451C82D2FD9C85B00C3A14A /* FirebaseFirestore in Frameworks */ = {isa = PBXBuildFile; productRef = B451C82C2FD9C85B00C3A14A /* FirebaseFirestore */; };
		B451C82F2FD9C85B00C3A14A /* FirebaseFirestoreCombine-Community in Frameworks */ = {isa = PBXBuildFile; productRef = B451C82E2FD9C85B00C3A14A /* FirebaseFirestoreCombine-Community */; };
		B451C8312FD9C85B00C3A14A /* FirebaseFunctions in Frameworks */ = {isa = PBXBuildFile; productRef = B451C8302FD9C85B00C3A14A /* FirebaseFunctions */; };
		B451C8332FD9C85B00C3A14A /* FirebaseFunctionsCombine-Community in Frameworks */ = {isa = PBXBuildFile; productRef = B451C8322FD9C85B00C3A14A /* FirebaseFunctionsCombine-Community */; };
		B451C8352FD9C85B00C3A14A /* FirebaseInAppMessaging-Beta in Frameworks */ = {isa = PBXBuildFile; productRef = B451C8342FD9C85B00C3A14A /* FirebaseInAppMessaging-Beta */; };
		B451C8372FD9C85B00C3A14A /* FirebaseInstallations in Frameworks */ = {isa = PBXBuildFile; productRef = B451C8362FD9C85B00C3A14A /* FirebaseInstallations */; };
		B451C8392FD9C85B00C3A14A /* FirebaseMLModelDownloader in Frameworks */ = {isa = PBXBuildFile; productRef = B451C8382FD9C85B00C3A14A /* FirebaseMLModelDownloader */; };
		B451C83B2FD9C85B00C3A14A /* FirebaseMessaging in Frameworks */ = {isa = PBXBuildFile; productRef = B451C83A2FD9C85B00C3A14A /* FirebaseMessaging */; };
		B451C83D2FD9C85B00C3A14A /* FirebasePerformance in Frameworks */ = {isa = PBXBuildFile; productRef = B451C83C2FD9C85B00C3A14A /* FirebasePerformance */; };
		B451C83F2FD9C85B00C3A14A /* FirebaseRemoteConfig in Frameworks */ = {isa = PBXBuildFile; productRef = B451C83E2FD9C85B00C3A14A /* FirebaseRemoteConfig */; };
		B451C8412FD9C85B00C3A14A /* FirebaseStorage in Frameworks */ = {isa = PBXBuildFile; productRef = B451C8402FD9C85B00C3A14A /* FirebaseStorage */; };
		B451C8432FD9C85B00C3A14A /* FirebaseStorageCombine-Community in Frameworks */ = {isa = PBXBuildFile; productRef = B451C8422FD9C85B00C3A14A /* FirebaseStorageCombine-Community */; };
/* End PBXBuildFile section */

/* Begin PBXFileReference section */
		B4FDC5922FD9BD99009FAB78 /* BaatChit.app */ = {isa = PBXFileReference; explicitFileType = wrapper.application; includeInIndex = 0; path = BaatChit.app; sourceTree = BUILT_PRODUCTS_DIR; };
/* End PBXFileReference section */

/* Begin PBXFileSystemSynchronizedRootGroup section */
		B4FDC5942FD9BD99009FAB78 /* BaatChit */ = {
			isa = PBXFileSystemSynchronizedRootGroup;
			path = BaatChit;
			sourceTree = "<group>";
		};
/* End PBXFileSystemSynchronizedRootGroup section */

/* Begin PBXFrameworksBuildPhase section */
		B4FDC58F2FD9BD98009FAB78 /* Frameworks */ = {
			isa = PBXFrameworksBuildPhase;
			buildActionMask = 2147483647;
			files = (
				B451C8212FD9C85B00C3A14A /* FirebaseAppDistribution-Beta in Frameworks */,
				B451C82D2FD9C85B00C3A14A /* FirebaseFirestore in Frameworks */,
				B451C8252FD9C85B00C3A14A /* FirebaseAuthCombine-Community in Frameworks */,
				B451C8372FD9C85B00C3A14A /* FirebaseInstallations in Frameworks */,
				B451C8172FD9C85B00C3A14A /* FirebaseAILogic in Frameworks */,
				B451C81D2FD9C85B00C3A14A /* FirebaseAnalyticsIdentitySupport in Frameworks */,
				B451C8352FD9C85B00C3A14A /* FirebaseInAppMessaging-Beta in Frameworks */,
				B451C8152FD9C85B00C3A14A /* FirebaseAI in Frameworks */,
				B451C8292FD9C85B00C3A14A /* FirebaseCrashlytics in Frameworks */,
				B451C8332FD9C85B00C3A14A /* FirebaseFunctionsCombine-Community in Frameworks */,
				B451C8432FD9C85B00C3A14A /* FirebaseStorageCombine-Community in Frameworks */,
				B451C82B2FD9C85B00C3A14A /* FirebaseDatabase in Frameworks */,
				B451C8412FD9C85B00C3A14A /* FirebaseStorage in Frameworks */,
				B451C83F2FD9C85B00C3A14A /* FirebaseRemoteConfig in Frameworks */,
				B451C8192FD9C85B00C3A14A /* FirebaseAnalytics in Frameworks */,
				B451C83B2FD9C85B00C3A14A /* FirebaseMessaging in Frameworks */,
				B451C8392FD9C85B00C3A14A /* FirebaseMLModelDownloader in Frameworks */,
				B451C83D2FD9C85B00C3A14A /* FirebasePerformance in Frameworks */,
				B451C8272FD9C85B00C3A14A /* FirebaseCore in Frameworks */,
				B451C81F2FD9C85B00C3A14A /* FirebaseAppCheck in Frameworks */,
				B451C81B2FD9C85B00C3A14A /* FirebaseAnalyticsCore in Frameworks */,
				B451C8312FD9C85B00C3A14A /* FirebaseFunctions in Frameworks */,
				B451C8232FD9C85B00C3A14A /* FirebaseAuth in Frameworks */,
				B451C82F2FD9C85B00C3A14A /* FirebaseFirestoreCombine-Community in Frameworks */,
			);
			runOnlyForDeploymentPostprocessing = 0;
		};
/* End PBXFrameworksBuildPhase section */

/* Begin PBXGroup section */
		B4FDC5892FD9BD98009FAB78 = {
			isa = PBXGroup;
			children = (
				B4FDC5942FD9BD99009FAB78 /* BaatChit */,
				B4FDC5932FD9BD99009FAB78 /* Products */,
			);
			sourceTree = "<group>";
		};
		B4FDC5932FD9BD99009FAB78 /* Products */ = {
			isa = PBXGroup;
			children = (
				B4FDC5922FD9BD99009FAB78 /* BaatChit.app */,
			);
			name = Products;
			sourceTree = "<group>";
		};
/* End PBXGroup section */

/* Begin PBXNativeTarget section */
		B4FDC5912FD9BD98009FAB78 /* BaatChit */ = {
			isa = PBXNativeTarget;
			buildConfigurationList = B4FDC5A52FD9BD9A009FAB78 /* Build configuration list for PBXNativeTarget "BaatChit" */;
			buildPhases = (
				B4FDC58E2FD9BD98009FAB78 /* Sources */,
				B4FDC58F2FD9BD98009FAB78 /* Frameworks */,
				B4FDC5902FD9BD98009FAB78 /* Resources */,
			);
			buildRules = (
			);
			dependencies = (
			);
			fileSystemSynchronizedGroups = (
				B4FDC5942FD9BD99009FAB78 /* BaatChit */,
			);
			name = BaatChit;
			packageProductDependencies = (
				B451C8142FD9C85B00C3A14A /* FirebaseAI */,
				B451C8162FD9C85B00C3A14A /* FirebaseAILogic */,
				B451C8182FD9C85B00C3A14A /* FirebaseAnalytics */,
				B451C81A2FD9C85B00C3A14A /* FirebaseAnalyticsCore */,
				B451C81C2FD9C85B00C3A14A /* FirebaseAnalyticsIdentitySupport */,
				B451C81E2FD9C85B00C3A14A /* FirebaseAppCheck */,
				B451C8202FD9C85B00C3A14A /* FirebaseAppDistribution-Beta */,
				B451C8222FD9C85B00C3A14A /* FirebaseAuth */,
				B451C8242FD9C85B00C3A14A /* FirebaseAuthCombine-Community */,
				B451C8262FD9C85B00C3A14A /* FirebaseCore */,
				B451C8282FD9C85B00C3A14A /* FirebaseCrashlytics */,
				B451C82A2FD9C85B00C3A14A /* FirebaseDatabase */,
				B451C82C2FD9C85B00C3A14A /* FirebaseFirestore */,
				B451C82E2FD9C85B00C3A14A /* FirebaseFirestoreCombine-Community */,
				B451C8302FD9C85B00C3A14A /* FirebaseFunctions */,
				B451C8322FD9C85B00C3A14A /* FirebaseFunctionsCombine-Community */,
				B451C8342FD9C85B00C3A14A /* FirebaseInAppMessaging-Beta */,
				B451C8362FD9C85B00C3A14A /* FirebaseInstallations */,
				B451C8382FD9C85B00C3A14A /* FirebaseMLModelDownloader */,
				B451C83A2FD9C85B00C3A14A /* FirebaseMessaging */,
				B451C83C2FD9C85B00C3A14A /* FirebasePerformance */,
				B451C83E2FD9C85B00C3A14A /* FirebaseRemoteConfig */,
				B451C8402FD9C85B00C3A14A /* FirebaseStorage */,
				B451C8422FD9C85B00C3A14A /* FirebaseStorageCombine-Community */,
			);
			productName = BaatChit;
			productReference = B4FDC5922FD9BD99009FAB78 /* BaatChit.app */;
			productType = "com.apple.product-type.application";
		};
/* End PBXNativeTarget section */

/* Begin PBXProject section */
		B4FDC58A2FD9BD98009FAB78 /* Project object */ = {
			isa = PBXProject;
			attributes = {
				BuildIndependentTargetsInParallel = 1;
				LastSwiftUpdateCheck = 2630;
				LastUpgradeCheck = 2630;
				TargetAttributes = {
					B4FDC5912FD9BD98009FAB78 = {
						CreatedOnToolsVersion = 26.3;
					};
				};
			};
			buildConfigurationList = B4FDC58D2FD9BD98009FAB78 /* Build configuration list for PBXProject "BaatChit" */;
			developmentRegion = en;
			hasScannedForEncodings = 0;
			knownRegions = (
				en,
				Base,
				"Base 2",
			);
			mainGroup = B4FDC5892FD9BD98009FAB78;
			minimizedProjectReferenceProxies = 1;
			packageReferences = (
				B451C8132FD9C85B00C3A14A /* XCRemoteSwiftPackageReference "firebase-ios-sdk" */,
			);
			preferredProjectObjectVersion = 77;
			productRefGroup = B4FDC5932FD9BD99009FAB78 /* Products */;
			projectDirPath = "";
			projectRoot = "";
			targets = (
				B4FDC5912FD9BD98009FAB78 /* BaatChit */,
			);
		};
/* End PBXProject section */

/* Begin PBXResourcesBuildPhase section */
		B4FDC5902FD9BD98009FAB78 /* Resources */ = {
			isa = PBXResourcesBuildPhase;
			buildActionMask = 2147483647;
			files = (
			);
			runOnlyForDeploymentPostprocessing = 0;
		};
/* End PBXResourcesBuildPhase section */

/* Begin PBXSourcesBuildPhase section */
		B4FDC58E2FD9BD98009FAB78 /* Sources */ = {
			isa = PBXSourcesBuildPhase;
			buildActionMask = 2147483647;
			files = (
			);
			runOnlyForDeploymentPostprocessing = 0;
		};
/* End PBXSourcesBuildPhase section */

/* Begin XCBuildConfiguration section */
		B4FDC5A62FD9BD9A009FAB78 /* Debug */ = {
			isa = XCBuildConfiguration;
			buildSettings = {
				ASSETCATALOG_COMPILER_APPICON_NAME = AppIcon;
				ASSETCATALOG_COMPILER_GLOBAL_ACCENT_COLOR_NAME = AccentColor;
				CODE_SIGN_STYLE = Manual;
				CURRENT_PROJECT_VERSION = 1;
				DEVELOPMENT_TEAM = "";
				GENERATE_INFOPLIST_FILE = YES;
				INFOPLIST_FILE = BaatChit/Info.plist;
				INFOPLIST_KEY_CFBundleDisplayName = BaatChit;
				INFOPLIST_KEY_LSApplicationCategoryType = "public.app-category.social-networking";
				INFOPLIST_KEY_UIApplicationSupportsIndirectInputEvents = YES;
				INFOPLIST_KEY_UILaunchStoryboardName = LaunchScreen;
				INFOPLIST_KEY_UIMainStoryboardFile = Main;
				INFOPLIST_KEY_UISupportedInterfaceOrientations = "UIInterfaceOrientationPortrait UIInterfaceOrientationPortraitUpsideDown";
				IPHONEOS_DEPLOYMENT_TARGET = 16.0;
				LD_RUNPATH_SEARCH_PATHS = (
					"$(inherited)",
					"@executable_path/Frameworks",
				);
				MARKETING_VERSION = 1.0;
				PRODUCT_BUNDLE_IDENTIFIER = com.iOS.BaatChit;
				PRODUCT_NAME = "$(TARGET_NAME)";
				PROVISIONING_PROFILE_SPECIFIER = "";
				STRING_CATALOG_GENERATE_SYMBOLS = YES;
				SWIFT_APPROACHABLE_CONCURRENCY = YES;
				SWIFT_DEFAULT_ACTOR_ISOLATION = MainActor;
				SWIFT_EMIT_LOC_STRINGS = YES;
				SWIFT_UPCOMING_FEATURE_MEMBER_IMPORT_VISIBILITY = YES;
				SWIFT_VERSION = 5.0;
				TARGETED_DEVICE_FAMILY = "1,2";
			};
			name = Debug;
		};
		B4FDC5A72FD9BD9A009FAB78 /* Release */ = {
			isa = XCBuildConfiguration;
			buildSettings = {
				ASSETCATALOG_COMPILER_APPICON_NAME = AppIcon;
				ASSETCATALOG_COMPILER_GLOBAL_ACCENT_COLOR_NAME = AccentColor;
				CODE_SIGN_STYLE = Manual;
				CURRENT_PROJECT_VERSION = 1;
				DEVELOPMENT_TEAM = "";
				GENERATE_INFOPLIST_FILE = YES;
				INFOPLIST_FILE = BaatChit/Info.plist;
				INFOPLIST_KEY_CFBundleDisplayName = BaatChit;
				INFOPLIST_KEY_LSApplicationCategoryType = "public.app-category.social-networking";
				INFOPLIST_KEY_UIApplicationSupportsIndirectInputEvents = YES;
				INFOPLIST_KEY_UILaunchStoryboardName = LaunchScreen;
				INFOPLIST_KEY_UIMainStoryboardFile = Main;
				INFOPLIST_KEY_UISupportedInterfaceOrientations = "UIInterfaceOrientationPortrait UIInterfaceOrientationPortraitUpsideDown";
				IPHONEOS_DEPLOYMENT_TARGET = 16.0;
				LD_RUNPATH_SEARCH_PATHS = (
					"$(inherited)",
					"@executable_path/Frameworks",
				);
				MARKETING_VERSION = 1.0;
				PRODUCT_BUNDLE_IDENTIFIER = com.iOS.BaatChit;
				PRODUCT_NAME = "$(TARGET_NAME)";
				PROVISIONING_PROFILE_SPECIFIER = "";
				STRING_CATALOG_GENERATE_SYMBOLS = YES;
				SWIFT_APPROACHABLE_CONCURRENCY = YES;
				SWIFT_DEFAULT_ACTOR_ISOLATION = MainActor;
				SWIFT_EMIT_LOC_STRINGS = YES;
				SWIFT_UPCOMING_FEATURE_MEMBER_IMPORT_VISIBILITY = YES;
				SWIFT_VERSION = 5.0;
				TARGETED_DEVICE_FAMILY = "1,2";
			};
			name = Release;
		};
		B4FDC5A82FD9BD9A009FAB78 /* Debug */ = {
			isa = XCBuildConfiguration;
			buildSettings = {
				ALWAYS_SEARCH_USER_PATHS = NO;
				ASSETCATALOG_COMPILER_GENERATE_SWIFT_ASSET_SYMBOL_EXTENSIONS = YES;
				CLANG_ANALYZER_NONNULL = YES;
				CLANG_ANALYZER_NUMBER_OBJECT_CONVERSION = YES_AGGRESSIVE;
				CLANG_CXX_LANGUAGE_STANDARD = "gnu++20";
				CLANG_ENABLE_MODULES = YES;
				CLANG_ENABLE_OBJC_ARC = YES;
				CLANG_ENABLE_OBJC_WEAK = YES;
				CLANG_WARN_BLOCK_CAPTURE_AUTORELEASING = YES;
				CLANG_WARN_BOOL_CONVERSION = YES;
				CLANG_WARN_COMMA = YES;
				CLANG_WARN_CONSTANT_CONVERSION = YES;
				CLANG_WARN_DEPRECATED_OBJC_IMPLEMENTATIONS = YES;
				CLANG_WARN_DIRECT_OBJC_ISA_USAGE = YES_ERROR;
				CLANG_WARN_DOCUMENTATION_COMMENTS = YES;
				CLANG_WARN_EMPTY_BODY = YES;
				CLANG_WARN_ENUM_CONVERSION = YES;
				CLANG_WARN_INFINITE_RECURSION = YES;
				CLANG_WARN_INT_CONVERSION = YES;
				CLANG_WARN_NON_LITERAL_NULL_CONVERSION = YES;
				CLANG_WARN_OBJC_IMPLICIT_RETAIN_SELF = YES;
				CLANG_WARN_OBJC_LITERAL_CONVERSION = YES;
				CLANG_WARN_OBJC_ROOT_CLASS = YES_ERROR;
				CLANG_WARN_QUOTED_INCLUDE_IN_FRAMEWORK_HEADER = YES;
				CLANG_WARN_RANGE_LOOP_ANALYSIS = YES;
				CLANG_WARN_STRICT_PROTOTYPES = YES;
				CLANG_WARN_SUSPICIOUS_MOVE = YES;
				CLANG_WARN_UNGUARDED_AVAILABILITY = YES_AGGRESSIVE;
				CLANG_WARN_UNREACHABLE_CODE = YES;
				CLANG_WARN__DUPLICATE_METHOD_MATCH = YES;
				COPY_PHASE_STRIP = NO;
				DEBUG_INFORMATION_FORMAT = dwarf;
				DEVELOPMENT_TEAM = XGXCL6K64U;
				ENABLE_STRICT_OBJC_MSGSEND = YES;
				ENABLE_TESTABILITY = YES;
				ENABLE_USER_SCRIPT_SANDBOXING = YES;
				GCC_C_LANGUAGE_STANDARD = gnu17;
				GCC_DYNAMIC_NO_PIC = NO;
				GCC_NO_COMMON_BLOCKS = YES;
				GCC_OPTIMIZATION_LEVEL = 0;
				GCC_PREPROCESSOR_DEFINITIONS = (
					"DEBUG=1",
					"$(inherited)",
				);
				GCC_WARN_64_TO_32_BIT_CONVERSION = YES;
				GCC_WARN_ABOUT_RETURN_TYPE = YES_ERROR;
				GCC_WARN_UNDECLARED_SELECTOR = YES;
				GCC_WARN_UNINITIALIZED_AUTOS = YES_AGGRESSIVE;
				GCC_WARN_UNUSED_FUNCTION = YES;
				GCC_WARN_UNUSED_VARIABLE = YES;
				IPHONEOS_DEPLOYMENT_TARGET = 26.2;
				LOCALIZATION_PREFERS_STRING_CATALOGS = YES;
				MTL_ENABLE_DEBUG_INFO = INCLUDE_SOURCE;
				MTL_FAST_MATH = YES;
				ONLY_ACTIVE_ARCH = YES;
				SDKROOT = iphoneos;
				SWIFT_ACTIVE_COMPILATION_CONDITIONS = "DEBUG $(inherited)";
				SWIFT_OPTIMIZATION_LEVEL = "-Onone";
			};
			name = Debug;
		};
		B4FDC5A92FD9BD9A009FAB78 /* Release */ = {
			isa = XCBuildConfiguration;
			buildSettings = {
				ALWAYS_SEARCH_USER_PATHS = NO;
				ASSETCATALOG_COMPILER_GENERATE_SWIFT_ASSET_SYMBOL_EXTENSIONS = YES;
				CLANG_ANALYZER_NONNULL = YES;
				CLANG_ANALYZER_NUMBER_OBJECT_CONVERSION = YES_AGGRESSIVE;
				CLANG_CXX_LANGUAGE_STANDARD = "gnu++20";
				CLANG_ENABLE_MODULES = YES;
				CLANG_ENABLE_OBJC_ARC = YES;
				CLANG_ENABLE_OBJC_WEAK = YES;
				CLANG_WARN_BLOCK_CAPTURE_AUTORELEASING = YES;
				CLANG_WARN_BOOL_CONVERSION = YES;
				CLANG_WARN_COMMA = YES;
				CLANG_WARN_CONSTANT_CONVERSION = YES;
				CLANG_WARN_DEPRECATED_OBJC_IMPLEMENTATIONS = YES;
				CLANG_WARN_DIRECT_OBJC_ISA_USAGE = YES_ERROR;
				CLANG_WARN_DOCUMENTATION_COMMENTS = YES;
				CLANG_WARN_EMPTY_BODY = YES;
				CLANG_WARN_ENUM_CONVERSION = YES;
				CLANG_WARN_INFINITE_RECURSION = YES;
				CLANG_WARN_INT_CONVERSION = YES;
				CLANG_WARN_NON_LITERAL_NULL_CONVERSION = YES;
				CLANG_WARN_OBJC_IMPLICIT_RETAIN_SELF = YES;
				CLANG_WARN_OBJC_LITERAL_CONVERSION = YES;
				CLANG_WARN_OBJC_ROOT_CLASS = YES_ERROR;
				CLANG_WARN_QUOTED_INCLUDE_IN_FRAMEWORK_HEADER = YES;
				CLANG_WARN_RANGE_LOOP_ANALYSIS = YES;
				CLANG_WARN_STRICT_PROTOTYPES = YES;
				CLANG_WARN_SUSPICIOUS_MOVE = YES;
				CLANG_WARN_UNGUARDED_AVAILABILITY = YES_AGGRESSIVE;
				CLANG_WARN_UNREACHABLE_CODE = YES;
				CLANG_WARN__DUPLICATE_METHOD_MATCH = YES;
				COPY_PHASE_STRIP = NO;
				DEBUG_INFORMATION_FORMAT = "dwarf-with-dsym";
				DEVELOPMENT_TEAM = XGXCL6K64U;
				ENABLE_NS_ASSERTIONS = NO;
				ENABLE_STRICT_OBJC_MSGSEND = YES;
				ENABLE_USER_SCRIPT_SANDBOXING = YES;
				GCC_C_LANGUAGE_STANDARD = gnu17;
				GCC_NO_COMMON_BLOCKS = YES;
				GCC_WARN_64_TO_32_BIT_CONVERSION = YES;
				GCC_WARN_ABOUT_RETURN_TYPE = YES_ERROR;
				GCC_WARN_UNDECLARED_SELECTOR = YES;
				GCC_WARN_UNINITIALIZED_AUTOS = YES_AGGRESSIVE;
				GCC_WARN_UNUSED_FUNCTION = YES;
				GCC_WARN_UNUSED_VARIABLE = YES;
				IPHONEOS_DEPLOYMENT_TARGET = 26.2;
				LOCALIZATION_PREFERS_STRING_CATALOGS = YES;
				MTL_ENABLE_DEBUG_INFO = NO;
				MTL_FAST_MATH = YES;
				SDKROOT = iphoneos;
				SWIFT_COMPILATION_MODE = wholemodule;
				VALIDATE_PRODUCT = YES;
			};
			name = Release;
		};
/* End XCBuildConfiguration section */

/* Begin XCConfigurationList section */
		B4FDC58D2FD9BD98009FAB78 /* Build configuration list for PBXProject "BaatChit" */ = {
			isa = XCConfigurationList;
			buildConfigurations = (
				B4FDC5A82FD9BD9A009FAB78 /* Debug */,
				B4FDC5A92FD9BD9A009FAB78 /* Release */,
			);
			defaultConfigurationIsVisible = 0;
			defaultConfigurationName = Release;
		};
		B4FDC5A52FD9BD9A009FAB78 /* Build configuration list for PBXNativeTarget "BaatChit" */ = {
			isa = XCConfigurationList;
			buildConfigurations = (
				B4FDC5A62FD9BD9A009FAB78 /* Debug */,
				B4FDC5A72FD9BD9A009FAB78 /* Release */,
			);
			defaultConfigurationIsVisible = 0;
			defaultConfigurationName = Release;
		};
/* End XCConfigurationList section */

/* Begin XCRemoteSwiftPackageReference section */
		B451C8132FD9C85B00C3A14A /* XCRemoteSwiftPackageReference "firebase-ios-sdk" */ = {
			isa = XCRemoteSwiftPackageReference;
			repositoryURL = "https://github.com/firebase/firebase-ios-sdk";
			requirement = {
				kind = upToNextMajorVersion;
				minimumVersion = 12.14.0;
			};
		};
/* End XCRemoteSwiftPackageReference section */

/* Begin XCSwiftPackageProductDependency section */
		B451C8142FD9C85B00C3A14A /* FirebaseAI */ = {
			isa = XCSwiftPackageProductDependency;
			package = B451C8132FD9C85B00C3A14A /* XCRemoteSwiftPackageReference "firebase-ios-sdk" */;
			productName = FirebaseAI;
		};
		B451C8162FD9C85B00C3A14A /* FirebaseAILogic */ = {
			isa = XCSwiftPackageProductDependency;
			package = B451C8132FD9C85B00C3A14A /* XCRemoteSwiftPackageReference "firebase-ios-sdk" */;
			productName = FirebaseAILogic;
		};
		B451C8182FD9C85B00C3A14A /* FirebaseAnalytics */ = {
			isa = XCSwiftPackageProductDependency;
			package = B451C8132FD9C85B00C3A14A /* XCRemoteSwiftPackageReference "firebase-ios-sdk" */;
			productName = FirebaseAnalytics;
		};
		B451C81A2FD9C85B00C3A14A /* FirebaseAnalyticsCore */ = {
			isa = XCSwiftPackageProductDependency;
			package = B451C8132FD9C85B00C3A14A /* XCRemoteSwiftPackageReference "firebase-ios-sdk" */;
			productName = FirebaseAnalyticsCore;
		};
		B451C81C2FD9C85B00C3A14A /* FirebaseAnalyticsIdentitySupport */ = {
			isa = XCSwiftPackageProductDependency;
			package = B451C8132FD9C85B00C3A14A /* XCRemoteSwiftPackageReference "firebase-ios-sdk" */;
			productName = FirebaseAnalyticsIdentitySupport;
		};
		B451C81E2FD9C85B00C3A14A /* FirebaseAppCheck */ = {
			isa = XCSwiftPackageProductDependency;
			package = B451C8132FD9C85B00C3A14A /* XCRemoteSwiftPackageReference "firebase-ios-sdk" */;
			productName = FirebaseAppCheck;
		};
		B451C8202FD9C85B00C3A14A /* FirebaseAppDistribution-Beta */ = {
			isa = XCSwiftPackageProductDependency;
			package = B451C8132FD9C85B00C3A14A /* XCRemoteSwiftPackageReference "firebase-ios-sdk" */;
			productName = "FirebaseAppDistribution-Beta";
		};
		B451C8222FD9C85B00C3A14A /* FirebaseAuth */ = {
			isa = XCSwiftPackageProductDependency;
			package = B451C8132FD9C85B00C3A14A /* XCRemoteSwiftPackageReference "firebase-ios-sdk" */;
			productName = FirebaseAuth;
		};
		B451C8242FD9C85B00C3A14A /* FirebaseAuthCombine-Community */ = {
			isa = XCSwiftPackageProductDependency;
			package = B451C8132FD9C85B00C3A14A /* XCRemoteSwiftPackageReference "firebase-ios-sdk" */;
			productName = "FirebaseAuthCombine-Community";
		};
		B451C8262FD9C85B00C3A14A /* FirebaseCore */ = {
			isa = XCSwiftPackageProductDependency;
			package = B451C8132FD9C85B00C3A14A /* XCRemoteSwiftPackageReference "firebase-ios-sdk" */;
			productName = FirebaseCore;
		};
		B451C8282FD9C85B00C3A14A /* FirebaseCrashlytics */ = {
			isa = XCSwiftPackageProductDependency;
			package = B451C8132FD9C85B00C3A14A /* XCRemoteSwiftPackageReference "firebase-ios-sdk" */;
			productName = FirebaseCrashlytics;
		};
		B451C82A2FD9C85B00C3A14A /* FirebaseDatabase */ = {
			isa = XCSwiftPackageProductDependency;
			package = B451C8132FD9C85B00C3A14A /* XCRemoteSwiftPackageReference "firebase-ios-sdk" */;
			productName = FirebaseDatabase;
		};
		B451C82C2FD9C85B00C3A14A /* FirebaseFirestore */ = {
			isa = XCSwiftPackageProductDependency;
			package = B451C8132FD9C85B00C3A14A /* XCRemoteSwiftPackageReference "firebase-ios-sdk" */;
			productName = FirebaseFirestore;
		};
		B451C82E2FD9C85B00C3A14A /* FirebaseFirestoreCombine-Community */ = {
			isa = XCSwiftPackageProductDependency;
			package = B451C8132FD9C85B00C3A14A /* XCRemoteSwiftPackageReference "firebase-ios-sdk" */;
			productName = "FirebaseFirestoreCombine-Community";
		};
		B451C8302FD9C85B00C3A14A /* FirebaseFunctions */ = {
			isa = XCSwiftPackageProductDependency;
			package = B451C8132FD9C85B00C3A14A /* XCRemoteSwiftPackageReference "firebase-ios-sdk" */;
			productName = FirebaseFunctions;
		};
		B451C8322FD9C85B00C3A14A /* FirebaseFunctionsCombine-Community */ = {
			isa = XCSwiftPackageProductDependency;
			package = B451C8132FD9C85B00C3A14A /* XCRemoteSwiftPackageReference "firebase-ios-sdk" */;
			productName = "FirebaseFunctionsCombine-Community";
		};
		B451C8342FD9C85B00C3A14A /* FirebaseInAppMessaging-Beta */ = {
			isa = XCSwiftPackageProductDependency;
			package = B451C8132FD9C85B00C3A14A /* XCRemoteSwiftPackageReference "firebase-ios-sdk" */;
			productName = "FirebaseInAppMessaging-Beta";
		};
		B451C8362FD9C85B00C3A14A /* FirebaseInstallations */ = {
			isa = XCSwiftPackageProductDependency;
			package = B451C8132FD9C85B00C3A14A /* XCRemoteSwiftPackageReference "firebase-ios-sdk" */;
			productName = FirebaseInstallations;
		};
		B451C8382FD9C85B00C3A14A /* FirebaseMLModelDownloader */ = {
			isa = XCSwiftPackageProductDependency;
			package = B451C8132FD9C85B00C3A14A /* XCRemoteSwiftPackageReference "firebase-ios-sdk" */;
			productName = FirebaseMLModelDownloader;
		};
		B451C83A2FD9C85B00C3A14A /* FirebaseMessaging */ = {
			isa = XCSwiftPackageProductDependency;
			package = B451C8132FD9C85B00C3A14A /* XCRemoteSwiftPackageReference "firebase-ios-sdk" */;
			productName = FirebaseMessaging;
		};
		B451C83C2FD9C85B00C3A14A /* FirebasePerformance */ = {
			isa = XCSwiftPackageProductDependency;
			package = B451C8132FD9C85B00C3A14A /* XCRemoteSwiftPackageReference "firebase-ios-sdk" */;
			productName = FirebasePerformance;
		};
		B451C83E2FD9C85B00C3A14A /* FirebaseRemoteConfig */ = {
			isa = XCSwiftPackageProductDependency;
			package = B451C8132FD9C85B00C3A14A /* XCRemoteSwiftPackageReference "firebase-ios-sdk" */;
			productName = FirebaseRemoteConfig;
		};
		B451C8402FD9C85B00C3A14A /* FirebaseStorage */ = {
			isa = XCSwiftPackageProductDependency;
			package = B451C8132FD9C85B00C3A14A /* XCRemoteSwiftPackageReference "firebase-ios-sdk" */;
			productName = FirebaseStorage;
		};
		B451C8422FD9C85B00C3A14A /* FirebaseStorageCombine-Community */ = {
			isa = XCSwiftPackageProductDependency;
			package = B451C8132FD9C85B00C3A14A /* XCRemoteSwiftPackageReference "firebase-ios-sdk" */;
			productName = "FirebaseStorageCombine-Community";
		};
/* End XCSwiftPackageProductDependency section */
	};
	rootObject = B4FDC58A2FD9BD98009FAB78 /* Project object */;
}
